
Microsoft Visual Studio Solution File, Format Version 12.00
# Visual Studio 15
VisualStudioVersion = 15.0.26730.16
MinimumVisualStudioVersion = 10.0.40219.1
Project("{FAE04EC0-301F-11D3-BF4B-00C04F79EFBC}") = "Day01", "Day01\Day01.csproj", "{54B84B3B-49BE-4647-81EB-216C58000D3E}"
EndProject
Project("{FAE04EC0-301F-11D3-BF4B-00C04F79EFBC}") = "Day02", "Day02\Day02.csproj", "{150AE778-7FAD-4988-B72C-7C7F76233976}"
EndProject
Project("{FAE04EC0-301F-11D3-BF4B-00C04F79EFBC}") = "Day03", "Day03\Day03.csproj", "{3B039884-0061-460B-AF95-99B5C8C217A3}"
EndProject
Project("{FAE04EC0-301F-11D3-BF4B-00C04F79EFBC}") = "Day04", "Day04\Day04.csproj", "{433BF174-4B3C-4E4F-837C-8645A37AFEAB}"
EndProject
Project("{FAE04EC0-301F-11D3-BF4B-00C04F79EFBC}") = "Day05", "Day05\Day05.csproj", "{3BE4D4B8-44F2-4627-8C4B-9178AD6C651F}"
EndProject
Project("{FAE04EC0-301F-11D3-BF4B-00C04F79EFBC}") = "Day06", "Day06\Day06.csproj", "{AF398A31-90FB-4F3A-88E9-C2D7CEF46AC8}"
EndProject
Project("{FAE04EC0-301F-11D3-BF4B-00C04F79EFBC}") = "Day07", "Day07\Day07.csproj", "{0FDC3B81-C9D1-4981-A702-78672976B27F}"
EndProject
Project("{FAE04EC0-301F-11D3-BF4B-00C04F79EFBC}") = "Day08", "Day08\Day08.csproj", "{F6741997-16D3-48F1-B9AE-BC669D4BB507}"
EndProject
Project("{FAE04EC0-301F-11D3-BF4B-00C04F79EFBC}") = "Day09", "Day09\Day09.csproj", "{F53AEA50-25CA-439A-8027-726DA63D89A8}"
EndProject
Project("{FAE04EC0-301F-11D3-BF4B-00C04F79EFBC}") = "Day10", "Day10\Day10.csproj", "{D98AD521-4DF7-4C15-A746-4BA682161044}"
EndProject
Project("{FAE04EC0-301F-11D3-BF4B-00C04F79EFBC}") = "Day11", "Day11\Day11.csproj", "{12A33511-FC7A-486B-857C-20E25C6ADCFB}"
EndProject
Project("{FAE04EC0-301F-11D3-BF4B-00C04F79EFBC}") = "Day12", "Day12\Day12.csproj", "{CBEC0DC1-3255-4748-AEF9-61E1BB982DB4}"
EndProject
Project("{FAE04EC0-301F-11D3-BF4B-00C04F79EFBC}") = "Day13", "Day13\Day13.csproj", "{923AF995-2D15-4E6D-BE26-FA0639F4E344}"
EndProject
Project("{FAE04EC0-301F-11D3-BF4B-00C04F79EFBC}") = "Day14", "Day14\Day14.csproj", "{ED36ACDA-3CF8-4F1F-B2DE-9423E0E803A8}"
EndProject
Project("{FAE04EC0-301F-11D3-BF4B-00C04F79EFBC}") = "Day15", "Day15\Day15.csproj", "{57F636B1-CEE1-4089-8179-B477A4433AE2}"
EndProject
Project("{FAE04EC0-301F-11D3-BF4B-00C04F79EFBC}") = "Day16", "Day16\Day16.csproj", "{9B1D7276-42C0-4B2A-B237-F20F988395EE}"
EndProject
Project("{FAE04EC0-301F-11D3-BF4B-00C04F79EFBC}") = "Day17", "Day17\Day17.csproj", "{DBBFF29A-4030-476A-860D-8FFB4215A9F8}"
EndProject
Project("{FAE04EC0-301F-11D3-BF4B-00C04F79EFBC}") = "Day18", "Day18\Day18.csproj", "{D81B199A-0709-4E3C-BD31-9D3646D500D1}"
EndProject
Project("{FAE04EC0-301F-11D3-BF4B-00C04F79EFBC}") = "Day19", "Day19\Day19.csproj", "{3A0E47EC-F6E3-49FB-B625-1AD72F442F2B}"
EndProject
Project("{FAE04EC0-301F-11D3-BF4B-00C04F79EFBC}") = "Day20", "Day20\Day20.csproj", "{3B05BDB7-B4CE-47C9-8635-5FB6E5C6D395}"
EndProject
Project("{FAE04EC0-301F-11D3-BF4B-00C04F79EFBC}") = "Day21", "Day21\Day21.csproj", "{C7BC1BB2-58DE-47C7-908A-D27FB6BC6CB2}"
EndProject
Project("{FAE04EC0-301F-11D3-BF4B-00C04F79EFBC}") = "Day22", "Day22\Day22.csproj", "{F3511916-3E17-4DA5-9792-47FCD4CDE840}"
EndProject
Project("{FAE04EC0-301F-11D3-BF4B-00C04F79EFBC}") = "Day23", "Day23\Day23.csproj", "{F94DFBB2-8848-455F-A525-AD599D608AF4}"
EndProject
Project("{FAE04EC0-301F-11D3-BF4B-00C04F79EFBC}") = "Day24", "Day24\Day24.csproj", "{B9F6563B-90D2-4637-9023-C5B5AEB5443D}"
EndProject
Project("{FAE04EC0-301F-11D3-BF4B-00C04F79EFBC}") = "Day25", "Day25\Day25.csproj", "{1594197A-5011-4AFA-A543-C4D6321C7A1D}"
EndProject
Global
	GlobalSection(SolutionConfigurationPlatforms) = preSolution
		Debug|Any CPU = Debug|Any CPU
		Release|Any CPU = Release|Any CPU
	EndGlobalSection
	GlobalSection(ProjectConfigurationPlatforms) = postSolution
		{54B84B3B-49BE-4647-81EB-216C58000D3E}.Debug|Any CPU.ActiveCfg = Debug|Any CPU
		{54B84B3B-49BE-4647-81EB-216C58000D3E}.Debug|Any CPU.Build.0 = Debug|Any CPU
		{54B84B3B-49BE-4647-81EB-216C58000D3E}.Release|Any CPU.ActiveCfg = Release|Any CPU
		{54B84B3B-49BE-4647-81EB-216C58000D3E}.Release|Any CPU.Build.0 = Release|Any CPU
		{150AE778-7FAD-4988-B72C-7C7F76233976}.Debug|Any CPU.ActiveCfg = Debug|Any CPU
		{150AE778-7FAD-4988-B72C-7C7F76233976}.Debug|Any CPU.Build.0 = Debug|Any CPU
		{150AE778-7FAD-4988-B72C-7C7F76233976}.Release|Any CPU.ActiveCfg = Release|Any CPU
		{150AE778-7FAD-4988-B72C-7C7F76233976}.Release|Any CPU.Build.0 = Release|Any CPU
		{3B039884-0061-460B-AF95-99B5C8C217A3}.Debug|Any CPU.ActiveCfg = Debug|Any CPU
		{3B039884-0061-460B-AF95-99B5C8C217A3}.Debug|Any CPU.Build.0 = Debug|Any CPU
		{3B039884-0061-460B-AF95-99B5C8C217A3}.Release|Any CPU.ActiveCfg = Release|Any CPU
		{3B039884-0061-460B-AF95-99B5C8C217A3}.Release|Any CPU.Build.0 = Release|Any CPU
		{433BF174-4B3C-4E4F-837C-8645A37AFEAB}.Debug|Any CPU.ActiveCfg = Debug|Any CPU
		{433BF174-4B3C-4E4F-837C-8645A37AFEAB}.Debug|Any CPU.Build.0 = Debug|Any CPU
		{433BF174-4B3C-4E4F-837C-8645A37AFEAB}.Release|Any CPU.ActiveCfg = Release|Any CPU
		{433BF174-4B3C-4E4F-837C-8645A37AFEAB}.Release|Any CPU.Build.0 = Release|Any CPU
		{3BE4D4B8-44F2-4627-8C4B-9178AD6C651F}.Debug|Any CPU.ActiveCfg = Debug|Any CPU
		{3BE4D4B8-44F2-4627-8C4B-9178AD6C651F}.Debug|Any CPU.Build.0 = Debug|Any CPU
		{3BE4D4B8-44F2-4627-8C4B-9178AD6C651F}.Release|Any CPU.ActiveCfg = Release|Any CPU
		{3BE4D4B8-44F2-4627-8C4B-9178AD6C651F}.Release|Any CPU.Build.0 = Release|Any CPU
		{AF398A31-90FB-4F3A-88E9-C2D7CEF46AC8}.Debug|Any CPU.ActiveCfg = Debug|Any CPU
		{AF398A31-90FB-4F3A-88E9-C2D7CEF46AC8}.Debug|Any CPU.Build.0 = Debug|Any CPU
		{AF398A31-90FB-4F3A-88E9-C2D7CEF46AC8}.Release|Any CPU.ActiveCfg = Release|Any CPU
		{AF398A31-90FB-4F3A-88E9-C2D7CEF46AC8}.Release|Any CPU.Build.0 = Release|Any CPU
		{0FDC3B81-C9D1-4981-A702-78672976B27F}.Debug|Any CPU.ActiveCfg = Debug|Any CPU
		{0FDC3B81-C9D1-4981-A702-78672976B27F}.Debug|Any CPU.Build.0 = Debug|Any CPU
		{0FDC3B81-C9D1-4981-A702-78672976B27F}.Release|Any CPU.ActiveCfg = Release|Any CPU
		{0FDC3B81-C9D1-4981-A702-78672976B27F}.Release|Any CPU.Build.0 = Release|Any CPU
		{F6741997-16D3-48F1-B9AE-BC669D4BB507}.Debug|Any CPU.ActiveCfg = Debug|Any CPU
		{F6741997-16D3-48F1-B9AE-BC669D4BB507}.Debug|Any CPU.Build.0 = Debug|Any CPU
		{F6741997-16D3-48F1-B9AE-BC669D4BB507}.Release|Any CPU.ActiveCfg = Release|Any CPU
		{F6741997-16D3-48F1-B9AE-BC669D4BB507}.Release|Any CPU.Build.0 = Release|Any CPU
		{F53AEA50-25CA-439A-8027-726DA63D89A8}.Debug|Any CPU.ActiveCfg = Debug|Any CPU
		{F53AEA50-25CA-439A-8027-726DA63D89A8}.Debug|Any CPU.Build.0 = Debug|Any CPU
		{F53AEA50-25CA-439A-8027-726DA63D89A8}.Release|Any CPU.ActiveCfg = Release|Any CPU
		{F53AEA50-25CA-439A-8027-726DA63D89A8}.Release|Any CPU.Build.0 = Release|Any CPU
		{D98AD521-4DF7-4C15-A746-4BA682161044}.Debug|Any CPU.ActiveCfg = Debug|Any CPU
		{D98AD521-4DF7-4C15-A746-4BA682161044}.Debug|Any CPU.Build.0 = Debug|Any CPU
		{D98AD521-4DF7-4C15-A746-4BA682161044}.Release|Any CPU.ActiveCfg = Release|Any CPU
		{D98AD521-4DF7-4C15-A746-4BA682161044}.Release|Any CPU.Build.0 = Release|Any CPU
		{12A33511-FC7A-486B-857C-20E25C6ADCFB}.Debug|Any CPU.ActiveCfg = Debug|Any CPU
		{12A33511-FC7A-486B-857C-20E25C6ADCFB}.Debug|Any CPU.Build.0 = Debug|Any CPU
		{12A33511-FC7A-486B-857C-20E25C6ADCFB}.Release|Any CPU.ActiveCfg = Release|Any CPU
		{12A33511-FC7A-486B-857C-20E25C6ADCFB}.Release|Any CPU.Build.0 = Release|Any CPU
		{CBEC0DC1-3255-4748-AEF9-61E1BB982DB4}.Debug|Any CPU.ActiveCfg = Debug|Any CPU
		{CBEC0DC1-3255-4748-AEF9-61E1BB982DB4}.Debug|Any CPU.Build.0 = Debug|Any CPU
		{CBEC0DC1-3255-4748-AEF9-61E1BB982DB4}.Release|Any CPU.ActiveCfg = Release|Any CPU
		{CBEC0DC1-3255-4748-AEF9-61E1BB982DB4}.Release|Any CPU.Build.0 = Release|Any CPU
		{923AF995-2D15-4E6D-BE26-FA0639F4E344}.Debug|Any CPU.ActiveCfg = Debug|Any CPU
		{923AF995-2D15-4E6D-BE26-FA0639F4E344}.Debug|Any CPU.Build.0 = Debug|Any CPU
		{923AF995-2D15-4E6D-BE26-FA0639F4E344}.Release|Any CPU.ActiveCfg = Release|Any CPU
		{923AF995-2D15-4E6D-BE26-FA0639F4E344}.Release|Any CPU.Build.0 = Release|Any CPU
		{ED36ACDA-3CF8-4F1F-B2DE-9423E0E803A8}.Debug|Any CPU.ActiveCfg = Debug|Any CPU
		{ED36ACDA-3CF8-4F1F-B2DE-9423E0E803A8}.Debug|Any CPU.Build.0 = Debug|Any CPU
		{ED36ACDA-3CF8-4F1F-B2DE-9423E0E803A8}.Release|Any CPU.ActiveCfg = Release|Any CPU
		{ED36ACDA-3CF8-4F1F-B2DE-9423E0E803A8}.Release|Any CPU.Build.0 = Release|Any CPU
		{57F636B1-CEE1-4089-8179-B477A4433AE2}.Debug|Any CPU.ActiveCfg = Debug|Any CPU
		{57F636B1-CEE1-4089-8179-B477A4433AE2}.Debug|Any CPU.Build.0 = Debug|Any CPU
		{57F636B1-CEE1-4089-8179-B477A4433AE2}.Release|Any CPU.ActiveCfg = Release|Any CPU
		{57F636B1-CEE1-4089-8179-B477A4433AE2}.Release|Any CPU.Build.0 = Release|Any CPU
		{9B1D7276-42C0-4B2A-B237-F20F988395EE}.Debug|Any CPU.ActiveCfg = Debug|Any CPU
		{9B1D7276-42C0-4B2A-B237-F20F988395EE}.Debug|Any CPU.Build.0 = Debug|Any CPU
		{9B1D7276-42C0-4B2A-B237-F20F988395EE}.Release|Any CPU.ActiveCfg = Release|Any CPU
		{9B1D7276-42C0-4B2A-B237-F20F988395EE}.Release|Any CPU.Build.0 = Release|Any CPU
		{DBBFF29A-4030-476A-860D-8FFB4215A9F8}.Debug|Any CPU.ActiveCfg = Debug|Any CPU
		{DBBFF29A-4030-476A-860D-8FFB4215A9F8}.Debug|Any CPU.Build.0 = Debug|Any CPU
		{DBBFF29A-4030-476A-860D-8FFB4215A9F8}.Release|Any CPU.ActiveCfg = Release|Any CPU
		{DBBFF29A-4030-476A-860D-8FFB4215A9F8}.Release|Any CPU.Build.0 = Release|Any CPU
		{D81B199A-0709-4E3C-BD31-9D3646D500D1}.Debug|Any CPU.ActiveCfg = Debug|Any CPU
		{D81B199A-0709-4E3C-BD31-9D3646D500D1}.Debug|Any CPU.Build.0 = Debug|Any CPU
		{D81B199A-0709-4E3C-BD31-9D3646D500D1}.Release|Any CPU.ActiveCfg = Release|Any CPU
		{D81B199A-0709-4E3C-BD31-9D3646D500D1}.Release|Any CPU.Build.0 = Release|Any CPU
		{3A0E47EC-F6E3-49FB-B625-1AD72F442F2B}.Debug|Any CPU.ActiveCfg = Debug|Any CPU
		{3A0E47EC-F6E3-49FB-B625-1AD72F442F2B}.Debug|Any CPU.Build.0 = Debug|Any CPU
		{3A0E47EC-F6E3-49FB-B625-1AD72F442F2B}.Release|Any CPU.ActiveCfg = Release|Any CPU
		{3A0E47EC-F6E3-49FB-B625-1AD72F442F2B}.Release|Any CPU.Build.0 = Release|Any CPU
		{3B05BDB7-B4CE-47C9-8635-5FB6E5C6D395}.Debug|Any CPU.ActiveCfg = Debug|Any CPU
		{3B05BDB7-B4CE-47C9-8635-5FB6E5C6D395}.Debug|Any CPU.Build.0 = Debug|Any CPU
		{3B05BDB7-B4CE-47C9-8635-5FB6E5C6D395}.Release|Any CPU.ActiveCfg = Release|Any CPU
		{3B05BDB7-B4CE-47C9-8635-5FB6E5C6D395}.Release|Any CPU.Build.0 = Release|Any CPU
		{C7BC1BB2-58DE-47C7-908A-D27FB6BC6CB2}.Debug|Any CPU.ActiveCfg = Debug|Any CPU
		{C7BC1BB2-58DE-47C7-908A-D27FB6BC6CB2}.Debug|Any CPU.Build.0 = Debug|Any CPU
		{C7BC1BB2-58DE-47C7-908A-D27FB6BC6CB2}.Release|Any CPU.ActiveCfg = Release|Any CPU
		{C7BC1BB2-58DE-47C7-908A-D27FB6BC6CB2}.Release|Any CPU.Build.0 = Release|Any CPU
		{F3511916-3E17-4DA5-9792-47FCD4CDE840}.Debug|Any CPU.ActiveCfg = Debug|Any CPU
		{F3511916-3E17-4DA5-9792-47FCD4CDE840}.Debug|Any CPU.Build.0 = Debug|Any CPU
		{F3511916-3E17-4DA5-9792-47FCD4CDE840}.Release|Any CPU.ActiveCfg = Release|Any CPU
		{F3511916-3E17-4DA5-9792-47FCD4CDE840}.Release|Any CPU.Build.0 = Release|Any CPU
		{F94DFBB2-8848-455F-A525-AD599D608AF4}.Debug|Any CPU.ActiveCfg = Debug|Any CPU
		{F94DFBB2-8848-455F-A525-AD599D608AF4}.Debug|Any CPU.Build.0 = Debug|Any CPU
		{F94DFBB2-8848-455F-A525-AD599D608AF4}.Release|Any CPU.ActiveCfg = Release|Any CPU
		{F94DFBB2-8848-455F-A525-AD599D608AF4}.Release|Any CPU.Build.0 = Release|Any CPU
		{B9F6563B-90D2-4637-9023-C5B5AEB5443D}.Debug|Any CPU.ActiveCfg = Debug|Any CPU
		{B9F6563B-90D2-4637-9023-C5B5AEB5443D}.Debug|Any CPU.Build.0 = Debug|Any CPU
		{B9F6563B-90D2-4637-9023-C5B5AEB5443D}.Release|Any CPU.ActiveCfg = Release|Any CPU
		{B9F6563B-90D2-4637-9023-C5B5AEB5443D}.Release|Any CPU.Build.0 = Release|Any CPU
		{1594197A-5011-4AFA-A543-C4D6321C7A1D}.Debug|Any CPU.ActiveCfg = Debug|Any CPU
		{1594197A-5011-4AFA-A543-C4D6321C7A1D}.Debug|Any CPU.Build.0 = Debug|Any CPU
		{1594197A-5011-4AFA-A543-C4D6321C7A1D}.Release|Any CPU.ActiveCfg = Release|Any CPU
		{1594197A-5011-4AFA-A543-C4D6321C7A1D}.Release|Any CPU.Build.0 = Release|Any CPU
	EndGlobalSection
	GlobalSection(SolutionProperties) = preSolution
		HideSolutionNode = FALSE
	EndGlobalSection
	GlobalSection(ExtensibilityGlobals) = postSolution
		SolutionGuid = {A5CBCB81-1EA6-4EF8-A5BC-4ECCEE0D0FBF}
	EndGlobalSection
EndGlobal
